
Microsoft Visual Studio Solution File, Format Version 12.00
# Visual Studio Version 16
VisualStudioVersion = 16.0.32901.82
MinimumVisualStudioVersion = 10.0.40219.1
Project("{FAE04EC0-301F-11D3-BF4B-00C04F79EFBC}") = "FlapKap", "FlapKap\FlapKap.csproj", "{80CCAA15-5F70-49A3-AC00-A57E161226CD}"
EndProject
Global
	GlobalSection(SolutionConfigurationPlatforms) = preSolution
		Debug|Any CPU = Debug|Any CPU
		Release|Any CPU = Release|Any CPU
	EndGlobalSection
	GlobalSection(ProjectConfigurationPlatforms) = postSolution
		{80CCAA15-5F70-49A3-AC00-A57E161226CD}.Debug|Any CPU.ActiveCfg = Debug|Any CPU
		{80CCAA15-5F70-49A3-AC00-A57E161226CD}.Debug|Any CPU.Build.0 = Debug|Any CPU
		{80CCAA15-5F70-49A3-AC00-A57E161226CD}.Release|Any CPU.ActiveCfg = Release|Any CPU
		{80CCAA15-5F70-49A3-AC00-A57E161226CD}.Release|Any CPU.Build.0 = Release|Any CPU
	EndGlobalSection
	GlobalSection(SolutionProperties) = preSolution
		HideSolutionNode = FALSE
	EndGlobalSection
	GlobalSection(ExtensibilityGlobals) = postSolution
		SolutionGuid = {1B61FFE9-4F95-4D7E-B239-846FD6172C2E}
	EndGlobalSection
EndGlobal
